<?xml version="1.0" encoding="utf-8"?>
<Project ToolsVersion="4.0" xmlns="http://schemas.microsoft.com/developer/msbuild/2003">
  <ItemGroup>
    <Filter Include="Source Files">
      <UniqueIdentifier>{4FC737F1-C7A5-4376-A066-2A32D752A2FF}</UniqueIdentifier>
      <Extensions>cpp;c;cc;cxx;def;odl;idl;hpj;bat;asm;asmx</Extensions>
    </Filter>
    <Filter Include="Header Files">
      <UniqueIdentifier>{93995380-89BD-4b04-88EB-625FBE52EBFB}</UniqueIdentifier>
      <Extensions>h;hh;hpp;hxx;hm;inl;inc;xsd</Extensions>
    </Filter>
    <Filter Include="Resource Files">
      <UniqueIdentifier>{67DA6AB6-F800-4c08-8B7A-83BB121AAD01}</UniqueIdentifier>
      <Extensions>rc;ico;cur;bmp;dlg;rc2;rct;bin;rgs;gif;jpg;jpeg;jpe;resx;tiff;tif;png;wav;mfcribbon-ms</Extensions>
    </Filter>
    <Filter Include="ScreenManager">
      <UniqueIdentifier>{8288e8c0-3842-484f-b525-d570a42d9e7b}</UniqueIdentifier>
    </Filter>
    <Filter Include="ScreenManager\Screens">
      <UniqueIdentifier>{cfd9f506-9fa2-4c7d-b509-adece6801f2a}</UniqueIdentifier>
    </Filter>
  </ItemGroup>
  <ItemGroup>
    <ClCompile Include="main.cpp">
      <Filter>Source Files</Filter>
    </ClCompile>
    <ClCompile Include="GameEntity.cpp">
      <Filter>Source Files</Filter>
    </ClCompile>
    <ClCompile Include="InputManager.cpp">
      <Filter>Source Files</Filter>
    </ClCompile>
    <ClCompile Include="Enemy.cpp">
      <Filter>Source Files</Filter>
    </ClCompile>
    <ClCompile Include="Player.cpp">
      <Filter>Source Files</Filter>
    </ClCompile>
    <ClCompile Include="Projectile.cpp">
      <Filter>Source Files</Filter>
    </ClCompile>
    <ClCompile Include="EntityManager.cpp">
      <Filter>Source Files</Filter>
    </ClCompile>
    <ClCompile Include="MeleeZombie.cpp">
      <Filter>Source Files</Filter>
    </ClCompile>
    <ClCompile Include="mappy_A5.c">
      <Filter>Header Files</Filter>
    </ClCompile>
    <ClCompile Include="HealthBar.cpp">
      <Filter>Source Files</Filter>
    </ClCompile>
    <ClCompile Include="PlayerLives.cpp">
      <Filter>Source Files</Filter>
    </ClCompile>
    <ClCompile Include="GameTimer.cpp">
      <Filter>Source Files</Filter>
    </ClCompile>
    <ClCompile Include="Potion.cpp">
      <Filter>Source Files</Filter>
    </ClCompile>
    <ClCompile Include="Timer.cpp">
      <Filter>Source Files</Filter>
    </ClCompile>
    <ClCompile Include="HeadsUpDisplay.cpp">
      <Filter>Source Files</Filter>
    </ClCompile>
    <ClCompile Include="CSprite.cpp">
      <Filter>Source Files</Filter>
    </ClCompile>
    <ClCompile Include="CTwoDVector.cpp">
      <Filter>Source Files</Filter>
    </ClCompile>
    <ClCompile Include="ScreenManager.cpp">
      <Filter>ScreenManager</Filter>
    </ClCompile>
    <ClCompile Include="CreditScreen.cpp">
      <Filter>ScreenManager\Screens</Filter>
    </ClCompile>
    <ClCompile Include="CScreen.cpp">
      <Filter>ScreenManager\Screens</Filter>
    </ClCompile>
    <ClCompile Include="GameScreen.cpp">
      <Filter>ScreenManager\Screens</Filter>
    </ClCompile>
    <ClCompile Include="ScoreScreen.cpp">
      <Filter>ScreenManager\Screens</Filter>
    </ClCompile>
    <ClCompile Include="MenuScreen.cpp">
      <Filter>ScreenManager\Screens</Filter>
    </ClCompile>
    <ClCompile Include="DeathScreen.cpp">
      <Filter>ScreenManager\Screens</Filter>
    </ClCompile>
  </ItemGroup>
  <ItemGroup>
    <ClInclude Include="GameEntity.h">
      <Filter>Header Files</Filter>
    </ClInclude>
    <ClInclude Include="InputManager.h">
      <Filter>Header Files</Filter>
    </ClInclude>
    <ClInclude Include="Enemy.h">
      <Filter>Header Files</Filter>
    </ClInclude>
    <ClInclude Include="Player.h">
      <Filter>Header Files</Filter>
    </ClInclude>
    <ClInclude Include="Projectile.h">
      <Filter>Header Files</Filter>
    </ClInclude>
    <ClInclude Include="EntityManager.h">
      <Filter>Header Files</Filter>
    </ClInclude>
    <ClInclude Include="MeleeZombie.h">
      <Filter>Header Files</Filter>
    </ClInclude>
    <ClInclude Include="mappy_A5.h">
      <Filter>Header Files</Filter>
    </ClInclude>
    <ClInclude Include="HealthBar.h">
      <Filter>Header Files</Filter>
    </ClInclude>
    <ClInclude Include="PlayerLives.h">
      <Filter>Header Files</Filter>
    </ClInclude>
    <ClInclude Include="GameTimer.h">
      <Filter>Header Files</Filter>
    </ClInclude>
    <ClInclude Include="Potion.h">
      <Filter>Header Files</Filter>
    </ClInclude>
    <ClInclude Include="Timer.h">
      <Filter>Header Files</Filter>
    </ClInclude>
    <ClInclude Include="HeadsUpDisplay.h">
      <Filter>Header Files</Filter>
    </ClInclude>
    <ClInclude Include="CSprite.h">
      <Filter>Header Files</Filter>
    </ClInclude>
    <ClInclude Include="CTwoDVector.h">
      <Filter>Header Files</Filter>
    </ClInclude>
    <ClInclude Include="Common.h">
      <Filter>Header Files</Filter>
    </ClInclude>
    <ClInclude Include="ScreenManager.h">
      <Filter>ScreenManager</Filter>
    </ClInclude>
    <ClInclude Include="ScoreScreen.h">
      <Filter>ScreenManager\Screens</Filter>
    </ClInclude>
    <ClInclude Include="MenuScreen.h">
      <Filter>ScreenManager\Screens</Filter>
    </ClInclude>
    <ClInclude Include="GameScreen.h">
      <Filter>ScreenManager\Screens</Filter>
    </ClInclude>
    <ClInclude Include="DeathScreen.h">
      <Filter>ScreenManager\Screens</Filter>
    </ClInclude>
    <ClInclude Include="CreditScreen.h">
      <Filter>ScreenManager\Screens</Filter>
    </ClInclude>
    <ClInclude Include="CScreen.h">
      <Filter>ScreenManager\Screens</Filter>
    </ClInclude>
  </ItemGroup>
  <ItemGroup>
    <None Include="packages.config" />
  </ItemGroup>
</Project>